
Microsoft Visual Studio Solution File, Format Version 12.00
# Visual Studio Version 17
VisualStudioVersion = 17.4.33213.308
MinimumVisualStudioVersion = 10.0.40219.1
Project("{9A19103F-16F7-4668-BE54-9A1E7A4F7556}") = "iJoker", "iJoker\iJoker.csproj", "{4F35D609-0D5A-4DEA-ABB2-3963FBB36CD9}"
EndProject
Project("{FAE04EC0-301F-11D3-BF4B-00C04F79EFBC}") = "iJoker.DataAccess", "iJoker.DataAccess\iJoker.DataAccess.csproj", "{E9D538F0-3BCC-48B5-A62E-5BF9554AF555}"
EndProject
Project("{FAE04EC0-301F-11D3-BF4B-00C04F79EFBC}") = "iJoker.DataAccess.EntityFramework", "iJoker.DataAccess.EntityFramework\iJoker.DataAccess.EntityFramework.csproj", "{DE8C262A-1C8B-468C-90B6-5FE580968306}"
EndProject
Project("{FAE04EC0-301F-11D3-BF4B-00C04F79EFBC}") = "iJoker.Service", "iJoker.Service\iJoker.Service.csproj", "{B3A947ED-7D8E-4D63-B942-71B2A6910AAF}"
EndProject
Project("{FAE04EC0-301F-11D3-BF4B-00C04F79EFBC}") = "iJoker.Service.Default", "iJoker.Service.Default\iJoker.Service.Default.csproj", "{112185F8-9F26-4F6C-A633-44277264C375}"
EndProject
Global
	GlobalSection(SolutionConfigurationPlatforms) = preSolution
		Debug|Any CPU = Debug|Any CPU
		Release|Any CPU = Release|Any CPU
	EndGlobalSection
	GlobalSection(ProjectConfigurationPlatforms) = postSolution
		{4F35D609-0D5A-4DEA-ABB2-3963FBB36CD9}.Debug|Any CPU.ActiveCfg = Debug|Any CPU
		{4F35D609-0D5A-4DEA-ABB2-3963FBB36CD9}.Debug|Any CPU.Build.0 = Debug|Any CPU
		{4F35D609-0D5A-4DEA-ABB2-3963FBB36CD9}.Release|Any CPU.ActiveCfg = Release|Any CPU
		{4F35D609-0D5A-4DEA-ABB2-3963FBB36CD9}.Release|Any CPU.Build.0 = Release|Any CPU
		{E9D538F0-3BCC-48B5-A62E-5BF9554AF555}.Debug|Any CPU.ActiveCfg = Debug|Any CPU
		{E9D538F0-3BCC-48B5-A62E-5BF9554AF555}.Debug|Any CPU.Build.0 = Debug|Any CPU
		{E9D538F0-3BCC-48B5-A62E-5BF9554AF555}.Release|Any CPU.ActiveCfg = Release|Any CPU
		{E9D538F0-3BCC-48B5-A62E-5BF9554AF555}.Release|Any CPU.Build.0 = Release|Any CPU
		{DE8C262A-1C8B-468C-90B6-5FE580968306}.Debug|Any CPU.ActiveCfg = Debug|Any CPU
		{DE8C262A-1C8B-468C-90B6-5FE580968306}.Debug|Any CPU.Build.0 = Debug|Any CPU
		{DE8C262A-1C8B-468C-90B6-5FE580968306}.Release|Any CPU.ActiveCfg = Release|Any CPU
		{DE8C262A-1C8B-468C-90B6-5FE580968306}.Release|Any CPU.Build.0 = Release|Any CPU
		{B3A947ED-7D8E-4D63-B942-71B2A6910AAF}.Debug|Any CPU.ActiveCfg = Debug|Any CPU
		{B3A947ED-7D8E-4D63-B942-71B2A6910AAF}.Debug|Any CPU.Build.0 = Debug|Any CPU
		{B3A947ED-7D8E-4D63-B942-71B2A6910AAF}.Release|Any CPU.ActiveCfg = Release|Any CPU
		{B3A947ED-7D8E-4D63-B942-71B2A6910AAF}.Release|Any CPU.Build.0 = Release|Any CPU
		{112185F8-9F26-4F6C-A633-44277264C375}.Debug|Any CPU.ActiveCfg = Debug|Any CPU
		{112185F8-9F26-4F6C-A633-44277264C375}.Debug|Any CPU.Build.0 = Debug|Any CPU
		{112185F8-9F26-4F6C-A633-44277264C375}.Release|Any CPU.ActiveCfg = Release|Any CPU
		{112185F8-9F26-4F6C-A633-44277264C375}.Release|Any CPU.Build.0 = Release|Any CPU
	EndGlobalSection
	GlobalSection(SolutionProperties) = preSolution
		HideSolutionNode = FALSE
	EndGlobalSection
	GlobalSection(ExtensibilityGlobals) = postSolution
		SolutionGuid = {A254DD3A-BC16-426D-AC2F-A229B511637C}
	EndGlobalSection
EndGlobal
